
Microsoft Visual Studio Solution File, Format Version 12.00
# Visual Studio 14
VisualStudioVersion = 14.0.22823.1
MinimumVisualStudioVersion = 10.0.40219.1
Project("{FAE04EC0-301F-11D3-BF4B-00C04F79EFBC}") = "ADSecuredWebApi", "ADSecuredWebApi\ADSecuredWebApi.csproj", "{C2212368-0DCF-4B2C-8970-1069BE5DEA4F}"
EndProject
Project("{FAE04EC0-301F-11D3-BF4B-00C04F79EFBC}") = "ADSecuredWebsite", "ADSecuredWebsite\ADSecuredWebsite.csproj", "{46A1DE89-AE01-4BCC-BC6B-D46DDF91E03D}"
EndProject
Global
	GlobalSection(SolutionConfigurationPlatforms) = preSolution
		Debug|Any CPU = Debug|Any CPU
		Release|Any CPU = Release|Any CPU
	EndGlobalSection
	GlobalSection(ProjectConfigurationPlatforms) = postSolution
		{C2212368-0DCF-4B2C-8970-1069BE5DEA4F}.Debug|Any CPU.ActiveCfg = Debug|Any CPU
		{C2212368-0DCF-4B2C-8970-1069BE5DEA4F}.Debug|Any CPU.Build.0 = Debug|Any CPU
		{C2212368-0DCF-4B2C-8970-1069BE5DEA4F}.Release|Any CPU.ActiveCfg = Release|Any CPU
		{C2212368-0DCF-4B2C-8970-1069BE5DEA4F}.Release|Any CPU.Build.0 = Release|Any CPU
		{46A1DE89-AE01-4BCC-BC6B-D46DDF91E03D}.Debug|Any CPU.ActiveCfg = Debug|Any CPU
		{46A1DE89-AE01-4BCC-BC6B-D46DDF91E03D}.Debug|Any CPU.Build.0 = Debug|Any CPU
		{46A1DE89-AE01-4BCC-BC6B-D46DDF91E03D}.Release|Any CPU.ActiveCfg = Release|Any CPU
		{46A1DE89-AE01-4BCC-BC6B-D46DDF91E03D}.Release|Any CPU.Build.0 = Release|Any CPU
	EndGlobalSection
	GlobalSection(SolutionProperties) = preSolution
		HideSolutionNode = FALSE
	EndGlobalSection
EndGlobal
